{
  "name": "maheragent-workspace",
  "lockfileVersion": 3,
  "requires": true,
  "packages": {
    "": {
      "name": "maheragent-workspace",
      "workspaces": [
        "packages/*"
      ],
      "devDependencies": {
        "typescript": "^5.6.0"
      }
    },
    "node_modules/@ramisalem/cli": {
      "resolved": "packages/cli",
      "link": true
    },
    "node_modules/@ramisalem/configuration-core": {
      "resolved": "packages/configuration-core",
      "link": true
    },
    "node_modules/@ramisalem/installer": {
      "resolved": "packages/installer",
      "link": true
    },
    "node_modules/@ramisalem/mcp": {
      "resolved": "packages/mcp",
      "link": true
    },
    "node_modules/@ramisalem/registry": {
      "resolved": "packages/registry",
      "link": true
    },
    "node_modules/@ramisalem/skills": {
      "resolved": "packages/skills",
      "link": true
    },
    "node_modules/@ramisalem/telemetry": {
      "resolved": "packages/telemetry",
      "link": true
    },
    "node_modules/@ramisalem/tool-server": {
      "resolved": "packages/tool-server",
      "link": true
    },
    "node_modules/@ramisalem/update-core": {
      "resolved": "packages/update-core",
      "link": true
    },
    "node_modules/maheragent": {
      "resolved": "packages/maheragent",
      "link": true
    },
    "node_modules/typescript": {
      "version": "5.9.3",
      "resolved": "https://registry.npmjs.org/typescript/-/typescript-5.9.3.tgz",
      "integrity": "sha512-jl1vZzPDinLr9eUt3J/t7V6FgNEw9QjvBPdysz9KfQDD41fQrC2Y4vKQdiaUpFT4bXlb1RHhLpp8wtm6M5TgSw==",
      "dev": true,
      "license": "Apache-2.0",
      "bin": {
        "tsc": "bin/tsc",
        "tsserver": "bin/tsserver"
      },
      "engines": {
        "node": ">=14.17"
      }
    },
    "node_modules/zod": {
      "version": "3.25.76",
      "resolved": "https://registry.npmjs.org/zod/-/zod-3.25.76.tgz",
      "integrity": "sha512-gzUt/qt81nXsFGKIFcC3YnfEAx5NkunCfnDlvuBSSFS02bcXu4Lmea0AFIUwbLWxWPx3d9p8S5QoaujKcNQxcQ==",
      "license": "MIT",
      "funding": {
        "url": "https://github.com/sponsors/colinhacks"
      }
    },
    "packages/cli": {
      "name": "@ramisalem/cli",
      "version": "0.1.0"
    },
    "packages/configuration-core": {
      "name": "@ramisalem/configuration-core",
      "version": "0.1.0"
    },
    "packages/installer": {
      "name": "@ramisalem/installer",
      "version": "0.1.0"
    },
    "packages/maheragent": {
      "version": "0.1.0",
      "dependencies": {
        "@ramisalem/cli": "0.1.0",
        "@ramisalem/installer": "0.1.0",
        "@ramisalem/mcp": "0.1.0"
      },
      "bin": {
        "maheragent": "dist/cli.js"
      }
    },
    "packages/mcp": {
      "name": "@ramisalem/mcp",
      "version": "0.1.0"
    },
    "packages/registry": {
      "name": "@ramisalem/registry",
      "version": "0.1.0",
      "dependencies": {
        "zod": "^3.23.8"
      }
    },
    "packages/skills": {
      "name": "@ramisalem/skills",
      "version": "0.1.0"
    },
    "packages/telemetry": {
      "name": "@ramisalem/telemetry",
      "version": "0.1.0"
    },
    "packages/tool-server": {
      "name": "@ramisalem/tool-server",
      "version": "0.1.0"
    },
    "packages/update-core": {
      "name": "@ramisalem/update-core",
      "version": "0.1.0"
    }
  }
}
